
Microsoft Visual Studio Solution File, Format Version 12.00
# Visual Studio Version 16
VisualStudioVersion = 16.0.30523.141
MinimumVisualStudioVersion = 10.0.40219.1
Project("{FAE04EC0-301F-11D3-BF4B-00C04F79EFBC}") = "Diplom", "Diplom\Diplom.csproj", "{F4314B93-D964-4A4C-8FA9-D6A1388A631F}"
EndProject
Global
	GlobalSection(SolutionConfigurationPlatforms) = preSolution
		Debug|Any CPU = Debug|Any CPU
		Release|Any CPU = Release|Any CPU
	EndGlobalSection
	GlobalSection(ProjectConfigurationPlatforms) = postSolution
		{F4314B93-D964-4A4C-8FA9-D6A1388A631F}.Debug|Any CPU.ActiveCfg = Debug|Any CPU
		{F4314B93-D964-4A4C-8FA9-D6A1388A631F}.Debug|Any CPU.Build.0 = Debug|Any CPU
		{F4314B93-D964-4A4C-8FA9-D6A1388A631F}.Release|Any CPU.ActiveCfg = Release|Any CPU
		{F4314B93-D964-4A4C-8FA9-D6A1388A631F}.Release|Any CPU.Build.0 = Release|Any CPU
	EndGlobalSection
	GlobalSection(SolutionProperties) = preSolution
		HideSolutionNode = FALSE
	EndGlobalSection
	GlobalSection(ExtensibilityGlobals) = postSolution
		SolutionGuid = {7564A8E6-C75A-4CB5-ACB0-91B10B981777}
	EndGlobalSection
EndGlobal
